
Microsoft Visual Studio Solution File, Format Version 12.00
# Visual Studio 15
VisualStudioVersion = 15.0.28010.2016
MinimumVisualStudioVersion = 10.0.40219.1
Project("{FAE04EC0-301F-11D3-BF4B-00C04F79EFBC}") = "IIB1_Demonstrator_ClassLibrary", "IIB1_Demonstrator_ClassLibrary.csproj", "{4C1D6142-12BD-4950-92AB-68B8DF753722}"
EndProject
Global
	GlobalSection(SolutionConfigurationPlatforms) = preSolution
		Debug|Any CPU = Debug|Any CPU
		Release|Any CPU = Release|Any CPU
	EndGlobalSection
	GlobalSection(ProjectConfigurationPlatforms) = postSolution
		{4C1D6142-12BD-4950-92AB-68B8DF753722}.Debug|Any CPU.ActiveCfg = Debug|Any CPU
		{4C1D6142-12BD-4950-92AB-68B8DF753722}.Debug|Any CPU.Build.0 = Debug|Any CPU
		{4C1D6142-12BD-4950-92AB-68B8DF753722}.Release|Any CPU.ActiveCfg = Release|Any CPU
		{4C1D6142-12BD-4950-92AB-68B8DF753722}.Release|Any CPU.Build.0 = Release|Any CPU
	EndGlobalSection
	GlobalSection(SolutionProperties) = preSolution
		HideSolutionNode = FALSE
	EndGlobalSection
	GlobalSection(ExtensibilityGlobals) = postSolution
		SolutionGuid = {B4AA04F7-A365-470F-9592-AF0977D84414}
	EndGlobalSection
EndGlobal
