
Microsoft Visual Studio Solution File, Format Version 12.00
# Visual Studio Version 16
VisualStudioVersion = 16.0.28407.52
MinimumVisualStudioVersion = 10.0.40219.1
Project("{FAE04EC0-301F-11D3-BF4B-00C04F79EFBC}") = "IIB1_Gruppe31_RevitAddin", "IIB1_Gruppe31_RevitAddin\IIB1_Gruppe31_RevitAddin.csproj", "{1C74756D-1128-4C4C-9C55-7DAF36AA65D1}"
EndProject
Project("{FAE04EC0-301F-11D3-BF4B-00C04F79EFBC}") = "IIB1_Gruppe31_Klassen", "..\IIB1_Gruppe31_Klassen\IIB1_Gruppe31_Klassen.csproj", "{2CFC06CB-9FD7-4E1A-B064-25D3CE1D9E46}"
EndProject
Project("{FAE04EC0-301F-11D3-BF4B-00C04F79EFBC}") = "IIB1_Gruppe31_GUI", "..\IIB1_Gruppe31_GUI\IIB1_Gruppe31_GUI.csproj", "{A86B90DB-9FFC-4482-88AC-26AF319931C7}"
EndProject
Global
	GlobalSection(SolutionConfigurationPlatforms) = preSolution
		Debug|Any CPU = Debug|Any CPU
		Release|Any CPU = Release|Any CPU
	EndGlobalSection
	GlobalSection(ProjectConfigurationPlatforms) = postSolution
		{1C74756D-1128-4C4C-9C55-7DAF36AA65D1}.Debug|Any CPU.ActiveCfg = Debug|Any CPU
		{1C74756D-1128-4C4C-9C55-7DAF36AA65D1}.Debug|Any CPU.Build.0 = Debug|Any CPU
		{1C74756D-1128-4C4C-9C55-7DAF36AA65D1}.Release|Any CPU.ActiveCfg = Release|Any CPU
		{1C74756D-1128-4C4C-9C55-7DAF36AA65D1}.Release|Any CPU.Build.0 = Release|Any CPU
		{2CFC06CB-9FD7-4E1A-B064-25D3CE1D9E46}.Debug|Any CPU.ActiveCfg = Debug|Any CPU
		{2CFC06CB-9FD7-4E1A-B064-25D3CE1D9E46}.Debug|Any CPU.Build.0 = Debug|Any CPU
		{2CFC06CB-9FD7-4E1A-B064-25D3CE1D9E46}.Release|Any CPU.ActiveCfg = Release|Any CPU
		{2CFC06CB-9FD7-4E1A-B064-25D3CE1D9E46}.Release|Any CPU.Build.0 = Release|Any CPU
		{A86B90DB-9FFC-4482-88AC-26AF319931C7}.Debug|Any CPU.ActiveCfg = Debug|Any CPU
		{A86B90DB-9FFC-4482-88AC-26AF319931C7}.Debug|Any CPU.Build.0 = Debug|Any CPU
		{A86B90DB-9FFC-4482-88AC-26AF319931C7}.Release|Any CPU.ActiveCfg = Release|Any CPU
		{A86B90DB-9FFC-4482-88AC-26AF319931C7}.Release|Any CPU.Build.0 = Release|Any CPU
	EndGlobalSection
	GlobalSection(SolutionProperties) = preSolution
		HideSolutionNode = FALSE
	EndGlobalSection
	GlobalSection(ExtensibilityGlobals) = postSolution
		SolutionGuid = {A6467965-DA78-43D1-8DC0-1E13F937A921}
	EndGlobalSection
EndGlobal
