
Microsoft Visual Studio Solution File, Format Version 12.00
# Visual Studio Version 16
VisualStudioVersion = 16.0.28516.95
MinimumVisualStudioVersion = 10.0.40219.1
Project("{FAE04EC0-301F-11D3-BF4B-00C04F79EFBC}") = "Klassbibliothek", "IIB1_HUE1_AUF1\Klassbibliothek.csproj", "{A503992D-B97C-476E-AFEF-01A6356C673B}"
EndProject
Project("{FAE04EC0-301F-11D3-BF4B-00C04F79EFBC}") = "Forms", "Forms\Forms.csproj", "{77BBE5E5-B7E5-4518-BC17-354D2FA1A0E4}"
EndProject
Global
	GlobalSection(SolutionConfigurationPlatforms) = preSolution
		Debug|Any CPU = Debug|Any CPU
		Release|Any CPU = Release|Any CPU
	EndGlobalSection
	GlobalSection(ProjectConfigurationPlatforms) = postSolution
		{A503992D-B97C-476E-AFEF-01A6356C673B}.Debug|Any CPU.ActiveCfg = Debug|Any CPU
		{A503992D-B97C-476E-AFEF-01A6356C673B}.Debug|Any CPU.Build.0 = Debug|Any CPU
		{A503992D-B97C-476E-AFEF-01A6356C673B}.Release|Any CPU.ActiveCfg = Release|Any CPU
		{A503992D-B97C-476E-AFEF-01A6356C673B}.Release|Any CPU.Build.0 = Release|Any CPU
		{77BBE5E5-B7E5-4518-BC17-354D2FA1A0E4}.Debug|Any CPU.ActiveCfg = Debug|Any CPU
		{77BBE5E5-B7E5-4518-BC17-354D2FA1A0E4}.Debug|Any CPU.Build.0 = Debug|Any CPU
		{77BBE5E5-B7E5-4518-BC17-354D2FA1A0E4}.Release|Any CPU.ActiveCfg = Release|Any CPU
		{77BBE5E5-B7E5-4518-BC17-354D2FA1A0E4}.Release|Any CPU.Build.0 = Release|Any CPU
	EndGlobalSection
	GlobalSection(SolutionProperties) = preSolution
		HideSolutionNode = FALSE
	EndGlobalSection
	GlobalSection(ExtensibilityGlobals) = postSolution
		SolutionGuid = {7B061E32-961E-44E7-9693-501671C79C44}
	EndGlobalSection
EndGlobal
